# THIS IS AN AUTOGENERATED FILE. DO NOT EDIT THIS FILE DIRECTLY.
# yarn lockfile v1


"@leichtgewicht/ip-codec@^2.0.1":
  version "2.0.5"
  resolved "https://registry.yarnpkg.com/@leichtgewicht/ip-codec/-/ip-codec-2.0.5.tgz#4fc56c15c580b9adb7dc3c333a134e540b44bfb1"
  integrity sha512-Vo+PSpZG2/fmgmiNzYK9qWRh8h/CHrwD0mo1h1DzL4yzHNSfWYujGTYsWGreD000gcgmZ7K4Ys6Tx9TxtsKdDw==

"@protobufjs/aspromise@^1.1.1", "@protobufjs/aspromise@^1.1.2":
  version "1.1.2"
  resolved "https://registry.yarnpkg.com/@protobufjs/aspromise/-/aspromise-1.1.2.tgz#9b8b0cc663d669a7d8f6f5d0893a14d348f30fbf"
  integrity sha512-j+gKExEuLmKwvz3OgROXtrJ2UG2x8Ch2YZUxahh+s1F2HZ+wAceUNLkvy6zKCPVRkU++ZWQrdxsUeQXmcg4uoQ==

"@protobufjs/base64@^1.1.2":
  version "1.1.2"
  resolved "https://registry.yarnpkg.com/@protobufjs/base64/-/base64-1.1.2.tgz#4c85730e59b9a1f1f349047dbf24296034bb2735"
  integrity sha512-AZkcAA5vnN/v4PDqKyMR5lx7hZttPDgClv83E//FMNhR2TMcLUhfRUBHCmSl0oi9zMgDDqRUJkSxO3wm85+XLg==

"@protobufjs/codegen@^2.0.4":
  version "2.0.5"
  resolved "https://registry.yarnpkg.com/@protobufjs/codegen/-/codegen-2.0.5.tgz#d9315ad7cf3f30aac70bda3c068443dc6f143659"
  integrity sha512-zgXFLzW3Ap33e6d0Wlj4MGIm6Ce8O89n/apUaGNB/jx+hw+ruWEp7EwGUshdLKVRCxZW12fp9r40E1mQrf/34g==

"@protobufjs/eventemitter@^1.1.0":
  version "1.1.1"
  resolved "https://registry.yarnpkg.com/@protobufjs/eventemitter/-/eventemitter-1.1.1.tgz#d512cb26c0ae026091ee2c1167f1be6faf5c842a"
  integrity sha512-vW1GmwMZNnL+gMRaovlh9yZX74kc+TTU3FObkkurpMaRtBfLP3ldjS9KQWlwZgraRE0+dheEEoAxdzcJQ8eXZg==

"@protobufjs/fetch@^1.1.0":
  version "1.1.1"
  resolved "https://registry.yarnpkg.com/@protobufjs/fetch/-/fetch-1.1.1.tgz#4d6fc00c8fb64016a5c81b469d549046350f1065"
  integrity sha512-GpptLrs57adMSuHi3VNj0mAF8dwh36LMaYF6XyJ6JMWlVsc+t42tm1HSEDmOs3A8fC9yyeisgLhsTVQokOZ0zw==
  dependencies:
    "@protobufjs/aspromise" "^1.1.1"

"@protobufjs/float@^1.0.2":
  version "1.0.2"
  resolved "https://registry.yarnpkg.com/@protobufjs/float/-/float-1.0.2.tgz#5e9e1abdcb73fc0a7cb8b291df78c8cbd97b87d1"
  integrity sha512-Ddb+kVXlXst9d+R9PfTIxh1EdNkgoRe5tOX6t01f1lYWOvJnSPDBlG241QLzcyPdoNTsblLUdujGSE4RzrTZGQ==

"@protobufjs/inquire@^1.1.0":
  version "1.1.2"
  resolved "https://registry.yarnpkg.com/@protobufjs/inquire/-/inquire-1.1.2.tgz#ae64fbc014ff44c8bfad03dd4c93cd2d6a4c82db"
  integrity sha512-pa0vFRuws4wkvaXKK1uXZMAwAX4/t8ANaJo45iw/oQHNQ9q5xUzwgFmVJGXiga2BeN+zpX7Vf9vmsiIa2J+MUw==

"@protobufjs/path@^1.1.2":
  version "1.1.2"
  resolved "https://registry.yarnpkg.com/@protobufjs/path/-/path-1.1.2.tgz#6cc2b20c5c9ad6ad0dccfd21ca7673d8d7fbf68d"
  integrity sha512-6JOcJ5Tm08dOHAbdR3GrvP+yUUfkjG5ePsHYczMFLq3ZmMkAD98cDgcT2iA1lJ9NVwFd4tH/iSSoe44YWkltEA==

"@protobufjs/pool@^1.1.0":
  version "1.1.0"
  resolved "https://registry.yarnpkg.com/@protobufjs/pool/-/pool-1.1.0.tgz#09fd15f2d6d3abfa9b65bc366506d6ad7846ff54"
  integrity sha512-0kELaGSIDBKvcgS4zkjz1PeddatrjYcmMWOlAuAPwAeccUrPHdUqo/J6LiymHHEiJT5NrF1UVwxY14f+fy4WQw==

"@protobufjs/utf8@^1.1.0":
  version "1.1.1"
  resolved "https://registry.yarnpkg.com/@protobufjs/utf8/-/utf8-1.1.1.tgz#eaee5900122c110a3dbcb728c0597014a2621774"
  integrity sha512-oOAWABowe8EAbMyWKM0tYDKi8Yaox52D+HWZhAIJqQXbqe0xI/GV7FhLWqlEKreMkfDjshR5FKgi3mnle0h6Eg==

"@types/castv2@^0.1.3":
  version "0.1.3"
  resolved "https://registry.yarnpkg.com/@types/castv2/-/castv2-0.1.3.tgz#dba5534c9f54e7f663ef9c0bce4d70b75869786b"
  integrity sha512-ka+l3CT3PUK5dhYNqj+tTpjEYsKqlbyHx0mVme0bkc4t4DGbBaI7tsaYzrxqby/qJU6c81ybjpvY4mMQ9IPNnw==
  dependencies:
    "@types/chromecast-caf-receiver" "*"
    "@types/events" "*"
    "@types/node" "*"

"@types/chromecast-caf-receiver@*":
  version "6.0.26"
  resolved "https://registry.yarnpkg.com/@types/chromecast-caf-receiver/-/chromecast-caf-receiver-6.0.26.tgz#e5e2197506b3cfeac29646eaccf0ba234e207fef"
  integrity sha512-f+9ocSKTTK1YZUXTznyunnJ2y4JlpUtda5TrL8TtW7ciI77HJiLhxsqDLNgXlZ6muCJGHS+rYp20HdV/bcAS0g==

"@types/events@*":
  version "3.0.3"
  resolved "https://registry.yarnpkg.com/@types/events/-/events-3.0.3.tgz#a8ef894305af28d1fc6d2dfdfc98e899591ea529"
  integrity sha512-trOc4AAUThEz9hapPtSd7wf5tiQKvTtu5b371UxXdTuqzIh0ArcRspRP0i0Viu+LXstIQ1z96t1nsPxT9ol01g==

"@types/long@^4.0.1":
  version "4.0.2"
  resolved "https://registry.yarnpkg.com/@types/long/-/long-4.0.2.tgz#b74129719fc8d11c01868010082d483b7545591a"
  integrity sha512-MqTGEo5bj5t157U6fA/BiDynNkn0YknVdh48CMPkTSpFTVmvao5UQmm7uEF6xBEo7qIMAlY/JSleYaE6VOdpaA==

"@types/node-forge@^1.3.11":
  version "1.3.14"
  resolved "https://registry.yarnpkg.com/@types/node-forge/-/node-forge-1.3.14.tgz#006c2616ccd65550560c2757d8472eb6d3ecea0b"
  integrity sha512-mhVF2BnD4BO+jtOp7z1CdzaK4mbuK0LLQYAvdOLqHTavxFNq4zA1EmYkpnFjP8HOUzedfQkRnp0E2ulSAYSzAw==
  dependencies:
    "@types/node" "*"

"@types/node@*", "@types/node@>=13.7.0":
  version "26.0.0"
  resolved "https://registry.yarnpkg.com/@types/node/-/node-26.0.0.tgz#d4aece9e9412e9f2008d59bc2d74f5279316b665"
  integrity sha512-vf2YFi1iY9lHGwNJMs01biZFbKJkrZR1T6/MlzjhJLPdntOHLhTrDSnSVcdtvjihi4VQNlrFRIxLsDBlQpAipA==
  dependencies:
    undici-types "~8.3.0"

"@types/node@^20.14.0":
  version "20.19.43"
  resolved "https://registry.yarnpkg.com/@types/node/-/node-20.19.43.tgz#fcecf580ba42a0db55cf404c372c97973c376c97"
  integrity sha512-6oYBAi5ikg4Pl+kGsoYtawUMBT2zZMCvPNF7pVLnHZfd1zf38DRiWn/gT01RYCdUqkv7Fhr+C9ot4/tb+2sVvA==
  dependencies:
    undici-types "~6.21.0"

"@types/uuid@^9.0.8":
  version "9.0.8"
  resolved "https://registry.yarnpkg.com/@types/uuid/-/uuid-9.0.8.tgz#7545ba4fc3c003d6c756f651f3bf163d8f0f29ba"
  integrity sha512-jg+97EGIcY9AGHJJRaaPVgetKDsrTgbRjQ5Msgjh/DQKEFl0DtyRr/VCOyD1T2R1MNeWPK/u7JoGhlDZnKBAfA==

bonjour-service@^1.2.1:
  version "1.4.1"
  resolved "https://registry.yarnpkg.com/bonjour-service/-/bonjour-service-1.4.1.tgz#67d0d4e50523a90b1d4b445c490cafdf10b99f58"
  integrity sha512-9KM4QMPKnaJqaja1v7gYO/+TXZGLtzPA05NmUTqDAJjcsWeVoOXKMvU9g0gfuuoYTQqJZ924hivICd5R/bCJbA==
  dependencies:
    fast-deep-equal "^3.1.3"
    multicast-dns "^7.2.5"

castv2@^0.1.10:
  version "0.1.10"
  resolved "https://registry.yarnpkg.com/castv2/-/castv2-0.1.10.tgz#d3df00124f1ba8a97691c69dd44221d3b5f93c56"
  integrity sha512-3QWevHrjT22KdF08Y2a217IYCDQDP7vEJaY4n0lPBeC5UBYbMFMadDfVTsaQwq7wqsEgYUHElPGm3EO1ey+TNw==
  dependencies:
    debug "^4.1.1"
    protobufjs "^6.8.8"

debug@^4.1.1:
  version "4.4.3"
  resolved "https://registry.yarnpkg.com/debug/-/debug-4.4.3.tgz#c6ae432d9bd9662582fce08709b038c58e9e3d6a"
  integrity sha512-RGwwWnwQvkVfavKVt22FGLw+xYSdzARwm0ru6DhTVA3umU5hZc28V3kO4stgYryrTlLpuvgI9GiijltAjNbcqA==
  dependencies:
    ms "^2.1.3"

dns-packet@^5.2.2:
  version "5.6.1"
  resolved "https://registry.yarnpkg.com/dns-packet/-/dns-packet-5.6.1.tgz#ae888ad425a9d1478a0674256ab866de1012cf2f"
  integrity sha512-l4gcSouhcgIKRvyy99RNVOgxXiicE+2jZoNmaNmZ6JXiGajBOJAesk1OBlJuM5k2c+eudGdLxDqXuPCKIj6kpw==
  dependencies:
    "@leichtgewicht/ip-codec" "^2.0.1"

fast-deep-equal@^3.1.3:
  version "3.1.3"
  resolved "https://registry.yarnpkg.com/fast-deep-equal/-/fast-deep-equal-3.1.3.tgz#3a7d56b559d6cbc3eb512325244e619a65c6c525"
  integrity sha512-f3qQ9oQy9j2AhBe/H9VC91wLmKBCCU/gDOnKNAYG5hswO7BLKj09Hc5HYNz9cGI++xlpDCIgDaitVs03ATR84Q==

long@^4.0.0:
  version "4.0.0"
  resolved "https://registry.yarnpkg.com/long/-/long-4.0.0.tgz#9a7b71cfb7d361a194ea555241c92f7468d5bf28"
  integrity sha512-XsP+KhQif4bjX1kbuSiySJFNAehNxgLb6hPRGJ9QsUr8ajHkuXGdrHmFUTUUXhDwVX2R5bY4JNZEwbUiMhV+MA==

ms@^2.1.3:
  version "2.1.3"
  resolved "https://registry.yarnpkg.com/ms/-/ms-2.1.3.tgz#574c8138ce1d2b5861f0b44579dbadd60c6615b2"
  integrity sha512-6FlzubTLZG3J2a/NVCAleEhjzq5oxgHyaCU9yYXvcLsvoVaHJq/s5xXI6/XXP6tz7R9xAOtHnSO/tXtF3WRTlA==

multicast-dns@^7.2.5:
  version "7.2.5"
  resolved "https://registry.yarnpkg.com/multicast-dns/-/multicast-dns-7.2.5.tgz#77eb46057f4d7adbd16d9290fa7299f6fa64cced"
  integrity sha512-2eznPJP8z2BFLX50tf0LuODrpINqP1RVIm/CObbTcBRITQgmC/TjcREF1NeTBzIcR5XO/ukWo+YHOjBbFwIupg==
  dependencies:
    dns-packet "^5.2.2"
    thunky "^1.0.2"

node-forge@^1.3.1:
  version "1.4.0"
  resolved "https://registry.yarnpkg.com/node-forge/-/node-forge-1.4.0.tgz#1c7b7d8bdc2d078739f58287d589d903a11b2fc2"
  integrity sha512-LarFH0+6VfriEhqMMcLX2F7SwSXeWwnEAJEsYm5QKWchiVYVvJyV9v7UDvUv+w5HO23ZpQTXDv/GxdDdMyOuoQ==

protobufjs@^6.8.8:
  version "6.11.6"
  resolved "https://registry.yarnpkg.com/protobufjs/-/protobufjs-6.11.6.tgz#f02b04ef842469a2bf89da18be8fd5c41dc820ca"
  integrity sha512-k8BHqgPBOtrlougZZqF2uUk5Z7bN8f0wj+3e8M3hvtSv0NBAz4VBy5f6R5Nxq/l+i7mRFTgNZb2trxqTpHNY/A==
  dependencies:
    "@protobufjs/aspromise" "^1.1.2"
    "@protobufjs/base64" "^1.1.2"
    "@protobufjs/codegen" "^2.0.4"
    "@protobufjs/eventemitter" "^1.1.0"
    "@protobufjs/fetch" "^1.1.0"
    "@protobufjs/float" "^1.0.2"
    "@protobufjs/inquire" "^1.1.0"
    "@protobufjs/path" "^1.1.2"
    "@protobufjs/pool" "^1.1.0"
    "@protobufjs/utf8" "^1.1.0"
    "@types/long" "^4.0.1"
    "@types/node" ">=13.7.0"
    long "^4.0.0"

thunky@^1.0.2:
  version "1.1.0"
  resolved "https://registry.yarnpkg.com/thunky/-/thunky-1.1.0.tgz#5abaf714a9405db0504732bbccd2cedd9ef9537d"
  integrity sha512-eHY7nBftgThBqOyHGVN+l8gF0BucP09fMo0oO/Lb0w1OF80dJv+lDVpXG60WMQvkcxAkNybKsrEIE3ZtKGmPrA==

typescript@^5.4.5:
  version "5.9.3"
  resolved "https://registry.yarnpkg.com/typescript/-/typescript-5.9.3.tgz#5b4f59e15310ab17a216f5d6cf53ee476ede670f"
  integrity sha512-jl1vZzPDinLr9eUt3J/t7V6FgNEw9QjvBPdysz9KfQDD41fQrC2Y4vKQdiaUpFT4bXlb1RHhLpp8wtm6M5TgSw==

undici-types@~6.21.0:
  version "6.21.0"
  resolved "https://registry.yarnpkg.com/undici-types/-/undici-types-6.21.0.tgz#691d00af3909be93a7faa13be61b3a5b50ef12cb"
  integrity sha512-iwDZqg0QAGrg9Rav5H4n0M64c3mkR59cJ6wQp+7C4nI0gsmExaedaYLNO44eT4AtBBwjbTiGPMlt2Md0T9H9JQ==

undici-types@~8.3.0:
  version "8.3.0"
  resolved "https://registry.yarnpkg.com/undici-types/-/undici-types-8.3.0.tgz#44e9fc9f3244648cdea35e4f9bb2d681e9410809"
  integrity sha512-j375ScV60dom+YkPFIfTLcOiPxkN/buHz5GobjLhixFuANaNs3C9l4GmrWqejgXWJ7BbJcFYpTEUkS1Ge8bpZQ==

uuid@^9.0.1:
  version "9.0.1"
  resolved "https://registry.yarnpkg.com/uuid/-/uuid-9.0.1.tgz#e188d4c8853cc722220392c424cd637f32293f30"
  integrity sha512-b+1eJOlsR9K8HJpow9Ok3fiWOWSIcIzXodvv0rQjVoOVNpWMpxf1wZNpt4y9h10odCNrqnYp1OBzRktckBe3sA==
